{
  "name": "guess-the-eval",
  "version": "0.0.0",
  "lockfileVersion": 2,
  "requires": true,
  "packages": {
    "": {
      "name": "guess-the-eval",
      "version": "0.0.0",
      "dependencies": {
        "stockfish": "^14.1.0"
      }
    },
    "node_modules/stockfish": {
      "version": "14.1.0",
      "resolved": "https://registry.npmjs.org/stockfish/-/stockfish-14.1.0.tgz",
      "integrity": "sha512-0jF2jhURDuo5sA+AJd7xKtNv2dgqZhtlEiR+KutHZD47pOQOrimWAKhcbW4ft6EuEbr3JUq3j1bXQ7hPJxfy2g==",
      "bin": {
        "stockfishjs": "stockfishjs"
      }
    }
  },
  "dependencies": {
    "stockfish": {
      "version": "14.1.0",
      "resolved": "https://registry.npmjs.org/stockfish/-/stockfish-14.1.0.tgz",
      "integrity": "sha512-0jF2jhURDuo5sA+AJd7xKtNv2dgqZhtlEiR+KutHZD47pOQOrimWAKhcbW4ft6EuEbr3JUq3j1bXQ7hPJxfy2g=="
    }
  }
}
